
Microsoft Visual Studio Solution File, Format Version 12.00
# Visual Studio 15
VisualStudioVersion = 15.0.27703.2018
MinimumVisualStudioVersion = 10.0.40219.1
Project("{FAE04EC0-301F-11D3-BF4B-00C04F79EFBC}") = "11- While Iteration Statement", "11- While Iteration Statement\11- While Iteration Statement.csproj", "{3F57E800-C84F-44D9-BB7C-7EEE2B257E98}"
EndProject
Global
	GlobalSection(SolutionConfigurationPlatforms) = preSolution
		Debug|Any CPU = Debug|Any CPU
		Release|Any CPU = Release|Any CPU
	EndGlobalSection
	GlobalSection(ProjectConfigurationPlatforms) = postSolution
		{3F57E800-C84F-44D9-BB7C-7EEE2B257E98}.Debug|Any CPU.ActiveCfg = Debug|Any CPU
		{3F57E800-C84F-44D9-BB7C-7EEE2B257E98}.Debug|Any CPU.Build.0 = Debug|Any CPU
		{3F57E800-C84F-44D9-BB7C-7EEE2B257E98}.Release|Any CPU.ActiveCfg = Release|Any CPU
		{3F57E800-C84F-44D9-BB7C-7EEE2B257E98}.Release|Any CPU.Build.0 = Release|Any CPU
	EndGlobalSection
	GlobalSection(SolutionProperties) = preSolution
		HideSolutionNode = FALSE
	EndGlobalSection
	GlobalSection(ExtensibilityGlobals) = postSolution
		SolutionGuid = {E76BCB47-1E4D-4464-B52B-41B16F6CADA7}
	EndGlobalSection
EndGlobal
